
Microsoft Visual Studio Solution File, Format Version 10.00
# Visual Studio 2008
Project("{FAE04EC0-301F-11D3-BF4B-00C04F79EFBC}") = "MvcContrib.BrailViewEngine", "src\MvcContrib.BrailViewEngine\MvcContrib.BrailViewEngine.csproj", "{CDD9DFA0-F411-4C08-825F-80150787D347}"
EndProject
Project("{FAE04EC0-301F-11D3-BF4B-00C04F79EFBC}") = "MvcContrib.BrailViewEngine.Tests", "src\MvcContrib.BrailViewEngine.Tests\MvcContrib.BrailViewEngine.Tests.csproj", "{10E03EE3-A56C-41D3-86A3-D243075F3CD5}"
EndProject
Project("{FAE04EC0-301F-11D3-BF4B-00C04F79EFBC}") = "MvcContrib.Samples.BrailViewEngine", "src\Sample\MvcContrib.Samples.BrailViewEngine.csproj", "{500B55E6-FD6D-4B8D-9528-00467280DB63}"
EndProject
Global
	GlobalSection(SolutionConfigurationPlatforms) = preSolution
		Debug|Any CPU = Debug|Any CPU
		Release|Any CPU = Release|Any CPU
	EndGlobalSection
	GlobalSection(ProjectConfigurationPlatforms) = postSolution
		{CDD9DFA0-F411-4C08-825F-80150787D347}.Debug|Any CPU.ActiveCfg = Debug|Any CPU
		{CDD9DFA0-F411-4C08-825F-80150787D347}.Debug|Any CPU.Build.0 = Debug|Any CPU
		{CDD9DFA0-F411-4C08-825F-80150787D347}.Release|Any CPU.ActiveCfg = Release|Any CPU
		{CDD9DFA0-F411-4C08-825F-80150787D347}.Release|Any CPU.Build.0 = Release|Any CPU
		{10E03EE3-A56C-41D3-86A3-D243075F3CD5}.Debug|Any CPU.ActiveCfg = Debug|Any CPU
		{10E03EE3-A56C-41D3-86A3-D243075F3CD5}.Debug|Any CPU.Build.0 = Debug|Any CPU
		{10E03EE3-A56C-41D3-86A3-D243075F3CD5}.Release|Any CPU.ActiveCfg = Release|Any CPU
		{10E03EE3-A56C-41D3-86A3-D243075F3CD5}.Release|Any CPU.Build.0 = Release|Any CPU
		{500B55E6-FD6D-4B8D-9528-00467280DB63}.Debug|Any CPU.ActiveCfg = Debug|Any CPU
		{500B55E6-FD6D-4B8D-9528-00467280DB63}.Debug|Any CPU.Build.0 = Debug|Any CPU
		{500B55E6-FD6D-4B8D-9528-00467280DB63}.Release|Any CPU.ActiveCfg = Release|Any CPU
		{500B55E6-FD6D-4B8D-9528-00467280DB63}.Release|Any CPU.Build.0 = Release|Any CPU
	EndGlobalSection
	GlobalSection(SolutionProperties) = preSolution
		HideSolutionNode = FALSE
	EndGlobalSection
EndGlobal
